// !$*UTF8*$!
{
	archiveVersion = 1;
	classes = {
	};
	objectVersion = 56;
	objects = {

/* Begin PBXBuildFile section */
		382D8C2B2F8772DF000CE6AA /* TensorFlowLiteSwift in Frameworks */ = {isa = PBXBuildFile; productRef = A90001 /* TensorFlowLiteSwift */; };
		A10001 /* WhisperASRApp.swift in Sources */ = {isa = PBXBuildFile; fileRef = A20001 /* WhisperASRApp.swift */; };
		A10002 /* ContentView.swift in Sources */ = {isa = PBXBuildFile; fileRef = A20002 /* ContentView.swift */; };
		A10003 /* WhisperEngine.swift in Sources */ = {isa = PBXBuildFile; fileRef = A20003 /* WhisperEngine.swift */; };
		A10004 /* AudioRecorder.swift in Sources */ = {isa = PBXBuildFile; fileRef = A20004 /* AudioRecorder.swift */; };
		A10005 /* ModelDownloader.swift in Sources */ = {isa = PBXBuildFile; fileRef = A20005 /* ModelDownloader.swift */; };
		A10006 /* Assets.xcassets in Resources */ = {isa = PBXBuildFile; fileRef = A20006 /* Assets.xcassets */; };
		A10007 /* whisper-tiny-en.tflite in Resources */ = {isa = PBXBuildFile; fileRef = A20007 /* whisper-tiny-en.tflite */; };
		A10008 /* filters_vocab_en.bin in Resources */ = {isa = PBXBuildFile; fileRef = A20008 /* filters_vocab_en.bin */; };
		A10009 /* filters_vocab_multilingual.bin in Resources */ = {isa = PBXBuildFile; fileRef = A20009 /* filters_vocab_multilingual.bin */; };
		A10012 /* jfk.wav in Resources */ = {isa = PBXBuildFile; fileRef = A20013 /* jfk.wav */; };
		A10010 /* WhisperUtil.swift in Sources */ = {isa = PBXBuildFile; fileRef = A20011 /* WhisperUtil.swift */; };
		A10011 /* WaveUtil.swift in Sources */ = {isa = PBXBuildFile; fileRef = A20012 /* WaveUtil.swift */; };
/* End PBXBuildFile section */

/* Begin PBXFileReference section */
		A20001 /* WhisperASRApp.swift */ = {isa = PBXFileReference; lastKnownFileType = sourcecode.swift; path = WhisperASRApp.swift; sourceTree = "<group>"; };
		A20002 /* ContentView.swift */ = {isa = PBXFileReference; lastKnownFileType = sourcecode.swift; path = ContentView.swift; sourceTree = "<group>"; };
		A20003 /* WhisperEngine.swift */ = {isa = PBXFileReference; lastKnownFileType = sourcecode.swift; path = WhisperEngine.swift; sourceTree = "<group>"; };
		A20004 /* AudioRecorder.swift */ = {isa = PBXFileReference; lastKnownFileType = sourcecode.swift; path = AudioRecorder.swift; sourceTree = "<group>"; };
		A20005 /* ModelDownloader.swift */ = {isa = PBXFileReference; lastKnownFileType = sourcecode.swift; path = ModelDownloader.swift; sourceTree = "<group>"; };
		A20006 /* Assets.xcassets */ = {isa = PBXFileReference; lastKnownFileType = folder.assetcatalog; path = Assets.xcassets; sourceTree = "<group>"; };
		A20007 /* whisper-tiny-en.tflite */ = {isa = PBXFileReference; lastKnownFileType = file; path = "whisper-tiny-en.tflite"; sourceTree = "<group>"; };
		A20008 /* filters_vocab_en.bin */ = {isa = PBXFileReference; lastKnownFileType = archive.macbinary; path = filters_vocab_en.bin; sourceTree = "<group>"; };
		A20009 /* filters_vocab_multilingual.bin */ = {isa = PBXFileReference; lastKnownFileType = archive.macbinary; path = filters_vocab_multilingual.bin; sourceTree = "<group>"; };
		A20013 /* jfk.wav */ = {isa = PBXFileReference; lastKnownFileType = audio.wav; path = jfk.wav; sourceTree = "<group>"; };
		A20010 /* Info.plist */ = {isa = PBXFileReference; lastKnownFileType = text.plist.xml; path = Info.plist; sourceTree = "<group>"; };
		A20011 /* WhisperUtil.swift */ = {isa = PBXFileReference; lastKnownFileType = sourcecode.swift; path = WhisperUtil.swift; sourceTree = "<group>"; };
		A20012 /* WaveUtil.swift */ = {isa = PBXFileReference; lastKnownFileType = sourcecode.swift; path = WaveUtil.swift; sourceTree = "<group>"; };
		A30001 /* WhisperASR.app */ = {isa = PBXFileReference; explicitFileType = wrapper.application; includeInIndex = 0; path = WhisperASR.app; sourceTree = BUILT_PRODUCTS_DIR; };
/* End PBXFileReference section */

/* Begin PBXFrameworksBuildPhase section */
		A40001 /* Frameworks */ = {
			isa = PBXFrameworksBuildPhase;
			buildActionMask = 2147483647;
			files = (
				382D8C2B2F8772DF000CE6AA /* TensorFlowLiteSwift in Frameworks */,
			);
			runOnlyForDeploymentPostprocessing = 0;
		};
/* End PBXFrameworksBuildPhase section */

/* Begin PBXGroup section */
		A50001 = {
			isa = PBXGroup;
			children = (
				A50002 /* WhisperASR */,
				A50003 /* Products */,
			);
			sourceTree = "<group>";
		};
		A50002 /* WhisperASR */ = {
			isa = PBXGroup;
			children = (
				A20001 /* WhisperASRApp.swift */,
				A20002 /* ContentView.swift */,
				A20003 /* WhisperEngine.swift */,
				A20004 /* AudioRecorder.swift */,
				A20005 /* ModelDownloader.swift */,
				A20011 /* WhisperUtil.swift */,
				A20012 /* WaveUtil.swift */,
				A20006 /* Assets.xcassets */,
				A50004 /* Models */,
				A20010 /* Info.plist */,
			);
			path = WhisperASR;
			sourceTree = "<group>";
		};
		A50003 /* Products */ = {
			isa = PBXGroup;
			children = (
				A30001 /* WhisperASR.app */,
			);
			name = Products;
			sourceTree = "<group>";
		};
		A50004 /* Models */ = {
			isa = PBXGroup;
			children = (
				A20007 /* whisper-tiny-en.tflite */,
				A20008 /* filters_vocab_en.bin */,
				A20009 /* filters_vocab_multilingual.bin */,
				A20013 /* jfk.wav */,
			);
			path = Models;
			sourceTree = "<group>";
		};
/* End PBXGroup section */

/* Begin PBXNativeTarget section */
		A60001 /* WhisperASR */ = {
			isa = PBXNativeTarget;
			buildConfigurationList = A80001 /* Build configuration list for PBXNativeTarget "WhisperASR" */;
			buildPhases = (
				A70001 /* Sources */,
				A40001 /* Frameworks */,
				A70002 /* Resources */,
				A70003 /* Fix TFLite Frameworks */,
			);
			buildRules = (
			);
			dependencies = (
			);
			name = WhisperASR;
			packageProductDependencies = (
				A90001 /* TensorFlowLiteSwift */,
			);
			productName = WhisperASR;
			productReference = A30001 /* WhisperASR.app */;
			productType = "com.apple.product-type.application";
		};
/* End PBXNativeTarget section */

/* Begin PBXProject section */
		A60002 /* Project object */ = {
			isa = PBXProject;
			attributes = {
				BuildIndependentTargetsInParallel = 1;
				LastSwiftUpdateCheck = 1500;
				LastUpgradeCheck = 2630;
				TargetAttributes = {
					A60001 = {
						CreatedOnToolsVersion = 15.0;
					};
				};
			};
			buildConfigurationList = A80002 /* Build configuration list for PBXProject "WhisperASR" */;
			compatibilityVersion = "Xcode 14.0";
			developmentRegion = en;
			hasScannedForEncodings = 0;
			knownRegions = (
				en,
				Base,
			);
			mainGroup = A50001;
			packageReferences = (
				A90002 /* XCRemoteSwiftPackageReference "TensorFlowLiteSwift" */,
			);
			productRefGroup = A50003 /* Products */;
			projectDirPath = "";
			projectRoot = "";
			targets = (
				A60001 /* WhisperASR */,
			);
		};
/* End PBXProject section */

/* Begin PBXResourcesBuildPhase section */
		A70002 /* Resources */ = {
			isa = PBXResourcesBuildPhase;
			buildActionMask = 2147483647;
			files = (
				A10006 /* Assets.xcassets in Resources */,
				A10007 /* whisper-tiny-en.tflite in Resources */,
				A10008 /* filters_vocab_en.bin in Resources */,
				A10009 /* filters_vocab_multilingual.bin in Resources */,
				A10012 /* jfk.wav in Resources */,
			);
			runOnlyForDeploymentPostprocessing = 0;
		};
/* End PBXResourcesBuildPhase section */

/* Begin PBXShellScriptBuildPhase section */
		A70003 /* Fix TFLite Frameworks */ = {
			isa = PBXShellScriptBuildPhase;
			buildActionMask = 2147483647;
			files = (
			);
			inputPaths = (
			);
			name = "Fix TFLite Frameworks";
			outputPaths = (
			);
			runOnlyForDeploymentPostprocessing = 0;
			shellPath = /bin/sh;
			shellScript = "for fw in \"${BUILT_PRODUCTS_DIR}/${FRAMEWORKS_FOLDER_PATH}\"/*.framework; do\n  PLIST=\"${fw}/Info.plist\"\n  if [ -f \"$PLIST\" ]; then\n    /usr/libexec/PlistBuddy -c \"Set :MinimumOSVersion 16.0\" \"$PLIST\" 2>/dev/null || /usr/libexec/PlistBuddy -c \"Add :MinimumOSVersion string 16.0\" \"$PLIST\"\n    /usr/libexec/PlistBuddy -c \"Set :CFBundleShortVersionString 2.14.0\" \"$PLIST\" 2>/dev/null || /usr/libexec/PlistBuddy -c \"Add :CFBundleShortVersionString string 2.14.0\" \"$PLIST\"\n  fi\ndone\n";
		};
/* End PBXShellScriptBuildPhase section */

/* Begin PBXSourcesBuildPhase section */
		A70001 /* Sources */ = {
			isa = PBXSourcesBuildPhase;
			buildActionMask = 2147483647;
			files = (
				A10001 /* WhisperASRApp.swift in Sources */,
				A10002 /* ContentView.swift in Sources */,
				A10003 /* WhisperEngine.swift in Sources */,
				A10004 /* AudioRecorder.swift in Sources */,
				A10005 /* ModelDownloader.swift in Sources */,
				A10010 /* WhisperUtil.swift in Sources */,
				A10011 /* WaveUtil.swift in Sources */,
			);
			runOnlyForDeploymentPostprocessing = 0;
		};
/* End PBXSourcesBuildPhase section */

/* Begin XCBuildConfiguration section */
		A80003 /* Debug */ = {
			isa = XCBuildConfiguration;
			buildSettings = {
				ALWAYS_SEARCH_USER_PATHS = NO;
				ASSETCATALOG_COMPILER_GENERATE_SWIFT_ASSET_SYMBOL_EXTENSIONS = YES;
				CLANG_ANALYZER_NONNULL = YES;
				CLANG_CXX_LANGUAGE_STANDARD = "gnu++20";
				CLANG_ENABLE_MODULES = YES;
				CLANG_ENABLE_OBJC_ARC = YES;
				CLANG_WARN_BLOCK_CAPTURE_AUTORELEASING = YES;
				CLANG_WARN_BOOL_CONVERSION = YES;
				CLANG_WARN_COMMA = YES;
				CLANG_WARN_CONSTANT_CONVERSION = YES;
				CLANG_WARN_DEPRECATED_OBJC_IMPLEMENTATIONS = YES;
				CLANG_WARN_EMPTY_BODY = YES;
				CLANG_WARN_ENUM_CONVERSION = YES;
				CLANG_WARN_INFINITE_RECURSION = YES;
				CLANG_WARN_INT_CONVERSION = YES;
				CLANG_WARN_NON_LITERAL_NULL_CONVERSION = YES;
				CLANG_WARN_OBJC_IMPLICIT_RETAIN_SELF = YES;
				CLANG_WARN_OBJC_LITERAL_CONVERSION = YES;
				CLANG_WARN_QUOTED_INCLUDE_IN_FRAMEWORK_HEADER = YES;
				CLANG_WARN_RANGE_LOOP_ANALYSIS = YES;
				CLANG_WARN_STRICT_PROTOTYPES = YES;
				CLANG_WARN_SUSPICIOUS_MOVE = YES;
				CLANG_WARN_UNREACHABLE_CODE = YES;
				CLANG_WARN__DUPLICATE_METHOD_MATCH = YES;
				COPY_PHASE_STRIP = NO;
				DEBUG_INFORMATION_FORMAT = dwarf;
				DEVELOPMENT_TEAM = DPXUW9S6TS;
				ENABLE_STRICT_OBJC_MSGSEND = YES;
				ENABLE_TESTABILITY = YES;
				ENABLE_USER_SCRIPT_SANDBOXING = YES;
				GCC_DYNAMIC_NO_PIC = NO;
				GCC_NO_COMMON_BLOCKS = YES;
				GCC_OPTIMIZATION_LEVEL = 0;
				GCC_PREPROCESSOR_DEFINITIONS = (
					"DEBUG=1",
					"$(inherited)",
				);
				GCC_WARN_64_TO_32_BIT_CONVERSION = YES;
				GCC_WARN_ABOUT_RETURN_TYPE = YES_ERROR;
				GCC_WARN_UNDECLARED_SELECTOR = YES;
				GCC_WARN_UNINITIALIZED_AUTOS = YES_AGGRESSIVE;
				GCC_WARN_UNUSED_FUNCTION = YES;
				GCC_WARN_UNUSED_VARIABLE = YES;
				IPHONEOS_DEPLOYMENT_TARGET = 16.0;
				MTL_ENABLE_DEBUG_INFO = INCLUDE_SOURCE;
				ONLY_ACTIVE_ARCH = YES;
				SDKROOT = iphoneos;
				STRING_CATALOG_GENERATE_SYMBOLS = YES;
				SUPPORTED_PLATFORMS = "iphoneos iphonesimulator";
				SWIFT_ACTIVE_COMPILATION_CONDITIONS = "DEBUG $(inherited)";
				SWIFT_OPTIMIZATION_LEVEL = "-Onone";
			};
			name = Debug;
		};
		A80004 /* Release */ = {
			isa = XCBuildConfiguration;
			buildSettings = {
				ALWAYS_SEARCH_USER_PATHS = NO;
				ASSETCATALOG_COMPILER_GENERATE_SWIFT_ASSET_SYMBOL_EXTENSIONS = YES;
				CLANG_ANALYZER_NONNULL = YES;
				CLANG_CXX_LANGUAGE_STANDARD = "gnu++20";
				CLANG_ENABLE_MODULES = YES;
				CLANG_ENABLE_OBJC_ARC = YES;
				CLANG_WARN_BLOCK_CAPTURE_AUTORELEASING = YES;
				CLANG_WARN_BOOL_CONVERSION = YES;
				CLANG_WARN_COMMA = YES;
				CLANG_WARN_CONSTANT_CONVERSION = YES;
				CLANG_WARN_DEPRECATED_OBJC_IMPLEMENTATIONS = YES;
				CLANG_WARN_EMPTY_BODY = YES;
				CLANG_WARN_ENUM_CONVERSION = YES;
				CLANG_WARN_INFINITE_RECURSION = YES;
				CLANG_WARN_INT_CONVERSION = YES;
				CLANG_WARN_NON_LITERAL_NULL_CONVERSION = YES;
				CLANG_WARN_OBJC_IMPLICIT_RETAIN_SELF = YES;
				CLANG_WARN_OBJC_LITERAL_CONVERSION = YES;
				CLANG_WARN_QUOTED_INCLUDE_IN_FRAMEWORK_HEADER = YES;
				CLANG_WARN_RANGE_LOOP_ANALYSIS = YES;
				CLANG_WARN_STRICT_PROTOTYPES = YES;
				CLANG_WARN_SUSPICIOUS_MOVE = YES;
				CLANG_WARN_UNREACHABLE_CODE = YES;
				CLANG_WARN__DUPLICATE_METHOD_MATCH = YES;
				COPY_PHASE_STRIP = NO;
				DEBUG_INFORMATION_FORMAT = "dwarf-with-dsym";
				DEVELOPMENT_TEAM = DPXUW9S6TS;
				ENABLE_NS_ASSERTIONS = NO;
				ENABLE_STRICT_OBJC_MSGSEND = YES;
				ENABLE_USER_SCRIPT_SANDBOXING = YES;
				GCC_NO_COMMON_BLOCKS = YES;
				GCC_WARN_64_TO_32_BIT_CONVERSION = YES;
				GCC_WARN_ABOUT_RETURN_TYPE = YES_ERROR;
				GCC_WARN_UNDECLARED_SELECTOR = YES;
				GCC_WARN_UNINITIALIZED_AUTOS = YES_AGGRESSIVE;
				GCC_WARN_UNUSED_FUNCTION = YES;
				GCC_WARN_UNUSED_VARIABLE = YES;
				IPHONEOS_DEPLOYMENT_TARGET = 16.0;
				MTL_ENABLE_DEBUG_INFO = NO;
				SDKROOT = iphoneos;
				STRING_CATALOG_GENERATE_SYMBOLS = YES;
				SUPPORTED_PLATFORMS = "iphoneos iphonesimulator";
				SWIFT_COMPILATION_MODE = wholemodule;
				VALIDATE_PRODUCT = YES;
			};
			name = Release;
		};
		A80005 /* Debug */ = {
			isa = XCBuildConfiguration;
			buildSettings = {
				ASSETCATALOG_COMPILER_APPICON_NAME = AppIcon;
				CODE_SIGN_IDENTITY = "Apple Development";
				CODE_SIGN_STYLE = Automatic;
				CURRENT_PROJECT_VERSION = 10;
				GENERATE_INFOPLIST_FILE = NO;
				INFOPLIST_FILE = WhisperASR/Info.plist;
				INFOPLIST_KEY_CFBundleDisplayName = "Whisper ASR";
				INFOPLIST_KEY_LSApplicationCategoryType = "public.app-category.utilities";
				INFOPLIST_KEY_NSMicrophoneUsageDescription = "Whisper ASR needs microphone access to record audio for transcription.";
				LD_RUNPATH_SEARCH_PATHS = (
					"$(inherited)",
					"@executable_path/Frameworks",
				);
				MARKETING_VERSION = 2.0;
				OTHER_LDFLAGS = (
					"-framework",
					CoreML,
					"-framework",
					Metal,
				);
				PRODUCT_BUNDLE_IDENTIFIER = com.whisperASR.Transcribe;
				PRODUCT_NAME = "$(TARGET_NAME)";
				SWIFT_EMIT_LOC_STRINGS = YES;
				SWIFT_VERSION = 5.0;
				TARGETED_DEVICE_FAMILY = "1,2";
			};
			name = Debug;
		};
		A80006 /* Release */ = {
			isa = XCBuildConfiguration;
			buildSettings = {
				ASSETCATALOG_COMPILER_APPICON_NAME = AppIcon;
				CODE_SIGN_IDENTITY = "Apple Development";
				CODE_SIGN_STYLE = Automatic;
				CURRENT_PROJECT_VERSION = 10;
				GENERATE_INFOPLIST_FILE = NO;
				INFOPLIST_FILE = WhisperASR/Info.plist;
				INFOPLIST_KEY_CFBundleDisplayName = "Whisper ASR";
				INFOPLIST_KEY_LSApplicationCategoryType = "public.app-category.utilities";
				INFOPLIST_KEY_NSMicrophoneUsageDescription = "Whisper ASR needs microphone access to record audio for transcription.";
				LD_RUNPATH_SEARCH_PATHS = (
					"$(inherited)",
					"@executable_path/Frameworks",
				);
				MARKETING_VERSION = 2.0;
				OTHER_LDFLAGS = (
					"-framework",
					CoreML,
					"-framework",
					Metal,
				);
				PRODUCT_BUNDLE_IDENTIFIER = com.whisperASR.Transcribe;
				PRODUCT_NAME = "$(TARGET_NAME)";
				SWIFT_EMIT_LOC_STRINGS = YES;
				SWIFT_VERSION = 5.0;
				TARGETED_DEVICE_FAMILY = "1,2";
			};
			name = Release;
		};
/* End XCBuildConfiguration section */

/* Begin XCConfigurationList section */
		A80001 /* Build configuration list for PBXNativeTarget "WhisperASR" */ = {
			isa = XCConfigurationList;
			buildConfigurations = (
				A80005 /* Debug */,
				A80006 /* Release */,
			);
			defaultConfigurationIsVisible = 0;
			defaultConfigurationName = Release;
		};
		A80002 /* Build configuration list for PBXProject "WhisperASR" */ = {
			isa = XCConfigurationList;
			buildConfigurations = (
				A80003 /* Debug */,
				A80004 /* Release */,
			);
			defaultConfigurationIsVisible = 0;
			defaultConfigurationName = Release;
		};
/* End XCConfigurationList section */

/* Begin XCRemoteSwiftPackageReference section */
		A90002 /* XCRemoteSwiftPackageReference "TensorFlowLiteSwift" */ = {
			isa = XCRemoteSwiftPackageReference;
			repositoryURL = "https://github.com/kewlbear/TensorFlowLiteSwift";
			requirement = {
				branch = master;
				kind = branch;
			};
		};
/* End XCRemoteSwiftPackageReference section */

/* Begin XCSwiftPackageProductDependency section */
		A90001 /* TensorFlowLiteSwift */ = {
			isa = XCSwiftPackageProductDependency;
			package = A90002 /* XCRemoteSwiftPackageReference "TensorFlowLiteSwift" */;
			productName = TensorFlowLiteSwift;
		};
/* End XCSwiftPackageProductDependency section */
	};
	rootObject = A60002 /* Project object */;
}
