{
  "originHash" : "6b3c91fe1acddce6e0587cad76666e6c030c96daa26378c8d4ac039ed2528307",
  "pins" : [
    {
      "identity" : "tensorflowlitec",
      "kind" : "remoteSourceControl",
      "location" : "https://github.com/kewlbear/TensorFlowLiteC.git",
      "state" : {
        "branch" : "master",
        "revision" : "d4cb1f268ce037754cda9a291e6b31091e1b9912"
      }
    },
    {
      "identity" : "tensorflowliteswift",
      "kind" : "remoteSourceControl",
      "location" : "https://github.com/kewlbear/TensorFlowLiteSwift",
      "state" : {
        "branch" : "master",
        "revision" : "bb9bd9c7c86e882f17aaf8bac35e96c77264eee2"
      }
    }
  ],
  "version" : 3
}
